// !$*UTF8*$!
{
	archiveVersion = 1;
	classes = {
	};
	objectVersion = 48;
	objects = {

/* Begin PBXBuildFile section */
		815A976B2030B98200723565 /* AppDelegate.swift in Sources */ = {isa = PBXBuildFile; fileRef = 815A976A2030B98200723565 /* AppDelegate.swift */; };
		815A97702030B98300723565 /* Main.storyboard in Resources */ = {isa = PBXBuildFile; fileRef = 815A976E2030B98300723565 /* Main.storyboard */; };
		815A97722030B98300723565 /* Assets.xcassets in Resources */ = {isa = PBXBuildFile; fileRef = 815A97712030B98300723565 /* Assets.xcassets */; };
		815A97752030B98300723565 /* LaunchScreen.storyboard in Resources */ = {isa = PBXBuildFile; fileRef = 815A97732030B98300723565 /* LaunchScreen.storyboard */; };
		817B55222043299C00BC1F6E /* DriverMap.swift in Sources */ = {isa = PBXBuildFile; fileRef = 817B55212043299C00BC1F6E /* DriverMap.swift */; };
		8190FEC820DAA80600FFEDD2 /* Settings.swift in Sources */ = {isa = PBXBuildFile; fileRef = 8190FEC720DAA80600FFEDD2 /* Settings.swift */; };
		8190FECA20DB233C00FFEDD2 /* ChangeEmail.swift in Sources */ = {isa = PBXBuildFile; fileRef = 8190FEC920DB233C00FFEDD2 /* ChangeEmail.swift */; };
		8190FECC20DB235600FFEDD2 /* ChangeName.swift in Sources */ = {isa = PBXBuildFile; fileRef = 8190FECB20DB235600FFEDD2 /* ChangeName.swift */; };
		8190FECE20DB236F00FFEDD2 /* ChangePassword.swift in Sources */ = {isa = PBXBuildFile; fileRef = 8190FECD20DB236F00FFEDD2 /* ChangePassword.swift */; };
		8190FED020DB238500FFEDD2 /* ChangePicture.swift in Sources */ = {isa = PBXBuildFile; fileRef = 8190FECF20DB238500FFEDD2 /* ChangePicture.swift */; };
		81951E2D2051D41500E24FF1 /* MapKit.framework in Frameworks */ = {isa = PBXBuildFile; fileRef = 81951E2C2051D41500E24FF1 /* MapKit.framework */; };
		81951E2F2051F99F00E24FF1 /* Legs.swift in Sources */ = {isa = PBXBuildFile; fileRef = 81951E2E2051F99F00E24FF1 /* Legs.swift */; };
		8196230D20866A840058739A /* GoogleService-Info.plist in Resources */ = {isa = PBXBuildFile; fileRef = 8196230C20866A840058739A /* GoogleService-Info.plist */; };
		81B094242031AB2300EDC9FE /* SignUp.swift in Sources */ = {isa = PBXBuildFile; fileRef = 81B094232031AB2300EDC9FE /* SignUp.swift */; };
		81BB4F2C2034BCE100F447DC /* SignIn.swift in Sources */ = {isa = PBXBuildFile; fileRef = 81BB4F2B2034BCE000F447DC /* SignIn.swift */; };
		9304C746203AF30B00EFB46C /* model.swift in Sources */ = {isa = PBXBuildFile; fileRef = 9304C745203AF30B00EFB46C /* model.swift */; };
		C4BDBA59339C678DC3E38DCC /* Pods_Graduation_Project.framework in Frameworks */ = {isa = PBXBuildFile; fileRef = 6B13A74F7869725CDA6AF23A /* Pods_Graduation_Project.framework */; };
/* End PBXBuildFile section */

/* Begin PBXFileReference section */
		55894AEA91CAF1C66451860B /* Pods-Graduation Project.release.xcconfig */ = {isa = PBXFileReference; includeInIndex = 1; lastKnownFileType = text.xcconfig; name = "Pods-Graduation Project.release.xcconfig"; path = "Pods/Target Support Files/Pods-Graduation Project/Pods-Graduation Project.release.xcconfig"; sourceTree = "<group>"; };
		6B13A74F7869725CDA6AF23A /* Pods_Graduation_Project.framework */ = {isa = PBXFileReference; explicitFileType = wrapper.framework; includeInIndex = 0; path = Pods_Graduation_Project.framework; sourceTree = BUILT_PRODUCTS_DIR; };
		815A97672030B98200723565 /* Graduation Project.app */ = {isa = PBXFileReference; explicitFileType = wrapper.application; includeInIndex = 0; path = "Graduation Project.app"; sourceTree = BUILT_PRODUCTS_DIR; };
		815A976A2030B98200723565 /* AppDelegate.swift */ = {isa = PBXFileReference; lastKnownFileType = sourcecode.swift; path = AppDelegate.swift; sourceTree = "<group>"; };
		815A976F2030B98300723565 /* Base */ = {isa = PBXFileReference; lastKnownFileType = file.storyboard; name = Base; path = Base.lproj/Main.storyboard; sourceTree = "<group>"; };
		815A97712030B98300723565 /* Assets.xcassets */ = {isa = PBXFileReference; lastKnownFileType = folder.assetcatalog; path = Assets.xcassets; sourceTree = "<group>"; };
		815A97742030B98300723565 /* Base */ = {isa = PBXFileReference; lastKnownFileType = file.storyboard; name = Base; path = Base.lproj/LaunchScreen.storyboard; sourceTree = "<group>"; };
		815A97762030B98300723565 /* Info.plist */ = {isa = PBXFileReference; lastKnownFileType = text.plist.xml; path = Info.plist; sourceTree = "<group>"; };
		817B55212043299C00BC1F6E /* DriverMap.swift */ = {isa = PBXFileReference; lastKnownFileType = sourcecode.swift; path = DriverMap.swift; sourceTree = "<group>"; };
		8190FEC720DAA80600FFEDD2 /* Settings.swift */ = {isa = PBXFileReference; lastKnownFileType = sourcecode.swift; path = Settings.swift; sourceTree = "<group>"; };
		8190FEC920DB233C00FFEDD2 /* ChangeEmail.swift */ = {isa = PBXFileReference; lastKnownFileType = sourcecode.swift; path = ChangeEmail.swift; sourceTree = "<group>"; };
		8190FECB20DB235600FFEDD2 /* ChangeName.swift */ = {isa = PBXFileReference; lastKnownFileType = sourcecode.swift; path = ChangeName.swift; sourceTree = "<group>"; };
		8190FECD20DB236F00FFEDD2 /* ChangePassword.swift */ = {isa = PBXFileReference; lastKnownFileType = sourcecode.swift; path = ChangePassword.swift; sourceTree = "<group>"; };
		8190FECF20DB238500FFEDD2 /* ChangePicture.swift */ = {isa = PBXFileReference; lastKnownFileType = sourcecode.swift; path = ChangePicture.swift; sourceTree = "<group>"; };
		81951E2C2051D41500E24FF1 /* MapKit.framework */ = {isa = PBXFileReference; lastKnownFileType = wrapper.framework; name = MapKit.framework; path = System/Library/Frameworks/MapKit.framework; sourceTree = SDKROOT; };
		81951E2E2051F99F00E24FF1 /* Legs.swift */ = {isa = PBXFileReference; lastKnownFileType = sourcecode.swift; path = Legs.swift; sourceTree = "<group>"; };
		8196230C20866A840058739A /* GoogleService-Info.plist */ = {isa = PBXFileReference; fileEncoding = 4; lastKnownFileType = text.plist.xml; path = "GoogleService-Info.plist"; sourceTree = "<group>"; };
		81B094232031AB2300EDC9FE /* SignUp.swift */ = {isa = PBXFileReference; lastKnownFileType = sourcecode.swift; path = SignUp.swift; sourceTree = "<group>"; };
		81BB4F2B2034BCE000F447DC /* SignIn.swift */ = {isa = PBXFileReference; lastKnownFileType = sourcecode.swift; path = SignIn.swift; sourceTree = "<group>"; };
		9304C745203AF30B00EFB46C /* model.swift */ = {isa = PBXFileReference; lastKnownFileType = sourcecode.swift; path = model.swift; sourceTree = "<group>"; };
		AEDC75474D2B1B00211409E2 /* Pods-Graduation Project.debug.xcconfig */ = {isa = PBXFileReference; includeInIndex = 1; lastKnownFileType = text.xcconfig; name = "Pods-Graduation Project.debug.xcconfig"; path = "Pods/Target Support Files/Pods-Graduation Project/Pods-Graduation Project.debug.xcconfig"; sourceTree = "<group>"; };
/* End PBXFileReference section */

/* Begin PBXFrameworksBuildPhase section */
		815A97642030B98200723565 /* Frameworks */ = {
			isa = PBXFrameworksBuildPhase;
			buildActionMask = 2147483647;
			files = (
				81951E2D2051D41500E24FF1 /* MapKit.framework in Frameworks */,
				C4BDBA59339C678DC3E38DCC /* Pods_Graduation_Project.framework in Frameworks */,
			);
			runOnlyForDeploymentPostprocessing = 0;
		};
/* End PBXFrameworksBuildPhase section */

/* Begin PBXGroup section */
		2CB658150D6D57EC97A23FFA /* Frameworks */ = {
			isa = PBXGroup;
			children = (
				81951E2C2051D41500E24FF1 /* MapKit.framework */,
				6B13A74F7869725CDA6AF23A /* Pods_Graduation_Project.framework */,
			);
			name = Frameworks;
			sourceTree = "<group>";
		};
		815A975E2030B98200723565 = {
			isa = PBXGroup;
			children = (
				9304C744203AF26200EFB46C /* Plugins */,
				815A97692030B98200723565 /* Graduation Project */,
				815A97682030B98200723565 /* Products */,
				8D80E4F7C1133B4351E2679D /* Pods */,
				2CB658150D6D57EC97A23FFA /* Frameworks */,
			);
			sourceTree = "<group>";
		};
		815A97682030B98200723565 /* Products */ = {
			isa = PBXGroup;
			children = (
				815A97672030B98200723565 /* Graduation Project.app */,
			);
			name = Products;
			sourceTree = "<group>";
		};
		815A97692030B98200723565 /* Graduation Project */ = {
			isa = PBXGroup;
			children = (
				815A976A2030B98200723565 /* AppDelegate.swift */,
				81B094232031AB2300EDC9FE /* SignUp.swift */,
				81BB4F2B2034BCE000F447DC /* SignIn.swift */,
				817B55212043299C00BC1F6E /* DriverMap.swift */,
				8190FED120DB239A00FFEDD2 /* Settings */,
				815A976E2030B98300723565 /* Main.storyboard */,
				815A97712030B98300723565 /* Assets.xcassets */,
				815A97732030B98300723565 /* LaunchScreen.storyboard */,
				815A97762030B98300723565 /* Info.plist */,
				8196230C20866A840058739A /* GoogleService-Info.plist */,
			);
			path = "Graduation Project";
			sourceTree = "<group>";
		};
		8190FED120DB239A00FFEDD2 /* Settings */ = {
			isa = PBXGroup;
			children = (
				8190FEC720DAA80600FFEDD2 /* Settings.swift */,
				8190FEC920DB233C00FFEDD2 /* ChangeEmail.swift */,
				8190FECB20DB235600FFEDD2 /* ChangeName.swift */,
				8190FECD20DB236F00FFEDD2 /* ChangePassword.swift */,
				8190FECF20DB238500FFEDD2 /* ChangePicture.swift */,
			);
			path = Settings;
			sourceTree = "<group>";
		};
		8D80E4F7C1133B4351E2679D /* Pods */ = {
			isa = PBXGroup;
			children = (
				AEDC75474D2B1B00211409E2 /* Pods-Graduation Project.debug.xcconfig */,
				55894AEA91CAF1C66451860B /* Pods-Graduation Project.release.xcconfig */,
			);
			name = Pods;
			sourceTree = "<group>";
		};
		9304C744203AF26200EFB46C /* Plugins */ = {
			isa = PBXGroup;
			children = (
				9304C745203AF30B00EFB46C /* model.swift */,
				81951E2E2051F99F00E24FF1 /* Legs.swift */,
			);
			path = Plugins;
			sourceTree = "<group>";
		};
/* End PBXGroup section */

/* Begin PBXNativeTarget section */
		815A97662030B98200723565 /* Graduation Project */ = {
			isa = PBXNativeTarget;
			buildConfigurationList = 815A97792030B98300723565 /* Build configuration list for PBXNativeTarget "Graduation Project" */;
			buildPhases = (
				B87A54E99BD2B2263FEED05F /* [CP] Check Pods Manifest.lock */,
				815A97632030B98200723565 /* Sources */,
				815A97642030B98200723565 /* Frameworks */,
				815A97652030B98200723565 /* Resources */,
				6C93FADC48898752DC64A282 /* [CP] Embed Pods Frameworks */,
				38EF571F77A57D9A2C40D384 /* [CP] Copy Pods Resources */,
			);
			buildRules = (
			);
			dependencies = (
			);
			name = "Graduation Project";
			productName = "Graduation Project";
			productReference = 815A97672030B98200723565 /* Graduation Project.app */;
			productType = "com.apple.product-type.application";
		};
/* End PBXNativeTarget section */

/* Begin PBXProject section */
		815A975F2030B98200723565 /* Project object */ = {
			isa = PBXProject;
			attributes = {
				LastSwiftUpdateCheck = 0920;
				LastUpgradeCheck = 0920;
				ORGANIZATIONNAME = "Mohamed Eshawy";
				TargetAttributes = {
					815A97662030B98200723565 = {
						CreatedOnToolsVersion = 9.2;
						ProvisioningStyle = Automatic;
						SystemCapabilities = {
							com.apple.BackgroundModes = {
								enabled = 1;
							};
						};
					};
				};
			};
			buildConfigurationList = 815A97622030B98200723565 /* Build configuration list for PBXProject "Graduation Project" */;
			compatibilityVersion = "Xcode 8.0";
			developmentRegion = en;
			hasScannedForEncodings = 0;
			knownRegions = (
				en,
				Base,
			);
			mainGroup = 815A975E2030B98200723565;
			productRefGroup = 815A97682030B98200723565 /* Products */;
			projectDirPath = "";
			projectRoot = "";
			targets = (
				815A97662030B98200723565 /* Graduation Project */,
			);
		};
/* End PBXProject section */

/* Begin PBXResourcesBuildPhase section */
		815A97652030B98200723565 /* Resources */ = {
			isa = PBXResourcesBuildPhase;
			buildActionMask = 2147483647;
			files = (
				815A97752030B98300723565 /* LaunchScreen.storyboard in Resources */,
				8196230D20866A840058739A /* GoogleService-Info.plist in Resources */,
				815A97722030B98300723565 /* Assets.xcassets in Resources */,
				815A97702030B98300723565 /* Main.storyboard in Resources */,
			);
			runOnlyForDeploymentPostprocessing = 0;
		};
/* End PBXResourcesBuildPhase section */

/* Begin PBXShellScriptBuildPhase section */
		38EF571F77A57D9A2C40D384 /* [CP] Copy Pods Resources */ = {
			isa = PBXShellScriptBuildPhase;
			buildActionMask = 2147483647;
			files = (
			);
			inputPaths = (
				"${SRCROOT}/Pods/Target Support Files/Pods-Graduation Project/Pods-Graduation Project-resources.sh",
				$PODS_CONFIGURATION_BUILD_DIR/FirebaseUI/FirebaseAuthUI.bundle,
				"${PODS_ROOT}/GoogleMaps/Maps/Frameworks/GoogleMaps.framework/Resources/GoogleMaps.bundle",
			);
			name = "[CP] Copy Pods Resources";
			outputPaths = (
				"${TARGET_BUILD_DIR}/${UNLOCALIZED_RESOURCES_FOLDER_PATH}",
			);
			runOnlyForDeploymentPostprocessing = 0;
			shellPath = /bin/sh;
			shellScript = "\"${SRCROOT}/Pods/Target Support Files/Pods-Graduation Project/Pods-Graduation Project-resources.sh\"\n";
			showEnvVarsInLog = 0;
		};
		6C93FADC48898752DC64A282 /* [CP] Embed Pods Frameworks */ = {
			isa = PBXShellScriptBuildPhase;
			buildActionMask = 2147483647;
			files = (
			);
			inputPaths = (
				"${SRCROOT}/Pods/Target Support Files/Pods-Graduation Project/Pods-Graduation Project-frameworks.sh",
				"${BUILT_PRODUCTS_DIR}/Alamofire/Alamofire.framework",
				"${BUILT_PRODUCTS_DIR}/GTMSessionFetcher/GTMSessionFetcher.framework",
				"${BUILT_PRODUCTS_DIR}/GoogleToolboxForMac/GoogleToolboxForMac.framework",
				"${PODS_ROOT}/Mapbox-iOS-SDK/dynamic/Mapbox.framework",
				"${PODS_ROOT}/Mapbox-iOS-SDK/dynamic/Mapbox.framework.dSYM",
				"${BUILT_PRODUCTS_DIR}/MapboxCoreNavigation/MapboxCoreNavigation.framework",
				"${BUILT_PRODUCTS_DIR}/MapboxDirections.swift/MapboxDirections.framework",
				"${BUILT_PRODUCTS_DIR}/MapboxMobileEvents/MapboxMobileEvents.framework",
				"${BUILT_PRODUCTS_DIR}/MapboxNavigation/MapboxNavigation.framework",
				"${BUILT_PRODUCTS_DIR}/MapboxSpeech/MapboxSpeech.framework",
				"${BUILT_PRODUCTS_DIR}/Polyline/Polyline.framework",
				"${BUILT_PRODUCTS_DIR}/SDWebImage/SDWebImage.framework",
				"${BUILT_PRODUCTS_DIR}/Solar/Solar.framework",
				"${BUILT_PRODUCTS_DIR}/SwiftyJSON/SwiftyJSON.framework",
				"${BUILT_PRODUCTS_DIR}/Turf/Turf.framework",
				"${BUILT_PRODUCTS_DIR}/leveldb-library/leveldb.framework",
				"${BUILT_PRODUCTS_DIR}/libwebp/libwebp.framework",
				"${BUILT_PRODUCTS_DIR}/nanopb/nanopb.framework",
			);
			name = "[CP] Embed Pods Frameworks";
			outputPaths = (
				"${TARGET_BUILD_DIR}/${FRAMEWORKS_FOLDER_PATH}/Alamofire.framework",
				"${TARGET_BUILD_DIR}/${FRAMEWORKS_FOLDER_PATH}/GTMSessionFetcher.framework",
				"${TARGET_BUILD_DIR}/${FRAMEWORKS_FOLDER_PATH}/GoogleToolboxForMac.framework",
				"${TARGET_BUILD_DIR}/${FRAMEWORKS_FOLDER_PATH}/Mapbox.framework",
				"${DWARF_DSYM_FOLDER_PATH}/Mapbox.framework.dSYM",
				"${TARGET_BUILD_DIR}/${FRAMEWORKS_FOLDER_PATH}/MapboxCoreNavigation.framework",
				"${TARGET_BUILD_DIR}/${FRAMEWORKS_FOLDER_PATH}/MapboxDirections.framework",
				"${TARGET_BUILD_DIR}/${FRAMEWORKS_FOLDER_PATH}/MapboxMobileEvents.framework",
				"${TARGET_BUILD_DIR}/${FRAMEWORKS_FOLDER_PATH}/MapboxNavigation.framework",
				"${TARGET_BUILD_DIR}/${FRAMEWORKS_FOLDER_PATH}/MapboxSpeech.framework",
				"${TARGET_BUILD_DIR}/${FRAMEWORKS_FOLDER_PATH}/Polyline.framework",
				"${TARGET_BUILD_DIR}/${FRAMEWORKS_FOLDER_PATH}/SDWebImage.framework",
				"${TARGET_BUILD_DIR}/${FRAMEWORKS_FOLDER_PATH}/Solar.framework",
				"${TARGET_BUILD_DIR}/${FRAMEWORKS_FOLDER_PATH}/SwiftyJSON.framework",
				"${TARGET_BUILD_DIR}/${FRAMEWORKS_FOLDER_PATH}/Turf.framework",
				"${TARGET_BUILD_DIR}/${FRAMEWORKS_FOLDER_PATH}/leveldb.framework",
				"${TARGET_BUILD_DIR}/${FRAMEWORKS_FOLDER_PATH}/libwebp.framework",
				"${TARGET_BUILD_DIR}/${FRAMEWORKS_FOLDER_PATH}/nanopb.framework",
			);
			runOnlyForDeploymentPostprocessing = 0;
			shellPath = /bin/sh;
			shellScript = "\"${SRCROOT}/Pods/Target Support Files/Pods-Graduation Project/Pods-Graduation Project-frameworks.sh\"\n";
			showEnvVarsInLog = 0;
		};
		B87A54E99BD2B2263FEED05F /* [CP] Check Pods Manifest.lock */ = {
			isa = PBXShellScriptBuildPhase;
			buildActionMask = 2147483647;
			files = (
			);
			inputPaths = (
				"${PODS_PODFILE_DIR_PATH}/Podfile.lock",
				"${PODS_ROOT}/Manifest.lock",
			);
			name = "[CP] Check Pods Manifest.lock";
			outputPaths = (
				"$(DERIVED_FILE_DIR)/Pods-Graduation Project-checkManifestLockResult.txt",
			);
			runOnlyForDeploymentPostprocessing = 0;
			shellPath = /bin/sh;
			shellScript = "diff \"${PODS_PODFILE_DIR_PATH}/Podfile.lock\" \"${PODS_ROOT}/Manifest.lock\" > /dev/null\nif [ $? != 0 ] ; then\n    # print error to STDERR\n    echo \"error: The sandbox is not in sync with the Podfile.lock. Run 'pod install' or update your CocoaPods installation.\" >&2\n    exit 1\nfi\n# This output is used by Xcode 'outputs' to avoid re-running this script phase.\necho \"SUCCESS\" > \"${SCRIPT_OUTPUT_FILE_0}\"\n";
			showEnvVarsInLog = 0;
		};
/* End PBXShellScriptBuildPhase section */

/* Begin PBXSourcesBuildPhase section */
		815A97632030B98200723565 /* Sources */ = {
			isa = PBXSourcesBuildPhase;
			buildActionMask = 2147483647;
			files = (
				81951E2F2051F99F00E24FF1 /* Legs.swift in Sources */,
				815A976B2030B98200723565 /* AppDelegate.swift in Sources */,
				8190FECE20DB236F00FFEDD2 /* ChangePassword.swift in Sources */,
				8190FED020DB238500FFEDD2 /* ChangePicture.swift in Sources */,
				8190FECC20DB235600FFEDD2 /* ChangeName.swift in Sources */,
				8190FECA20DB233C00FFEDD2 /* ChangeEmail.swift in Sources */,
				81BB4F2C2034BCE100F447DC /* SignIn.swift in Sources */,
				81B094242031AB2300EDC9FE /* SignUp.swift in Sources */,
				8190FEC820DAA80600FFEDD2 /* Settings.swift in Sources */,
				817B55222043299C00BC1F6E /* DriverMap.swift in Sources */,
				9304C746203AF30B00EFB46C /* model.swift in Sources */,
			);
			runOnlyForDeploymentPostprocessing = 0;
		};
/* End PBXSourcesBuildPhase section */

/* Begin PBXVariantGroup section */
		815A976E2030B98300723565 /* Main.storyboard */ = {
			isa = PBXVariantGroup;
			children = (
				815A976F2030B98300723565 /* Base */,
			);
			name = Main.storyboard;
			sourceTree = "<group>";
		};
		815A97732030B98300723565 /* LaunchScreen.storyboard */ = {
			isa = PBXVariantGroup;
			children = (
				815A97742030B98300723565 /* Base */,
			);
			name = LaunchScreen.storyboard;
			sourceTree = "<group>";
		};
/* End PBXVariantGroup section */

/* Begin XCBuildConfiguration section */
		815A97772030B98300723565 /* Debug */ = {
			isa = XCBuildConfiguration;
			buildSettings = {
				ALWAYS_SEARCH_USER_PATHS = NO;
				CLANG_ANALYZER_NONNULL = YES;
				CLANG_ANALYZER_NUMBER_OBJECT_CONVERSION = YES_AGGRESSIVE;
				CLANG_CXX_LANGUAGE_STANDARD = "gnu++14";
				CLANG_CXX_LIBRARY = "libc++";
				CLANG_ENABLE_MODULES = YES;
				CLANG_ENABLE_OBJC_ARC = YES;
				CLANG_WARN_BLOCK_CAPTURE_AUTORELEASING = YES;
				CLANG_WARN_BOOL_CONVERSION = YES;
				CLANG_WARN_COMMA = YES;
				CLANG_WARN_CONSTANT_CONVERSION = YES;
				CLANG_WARN_DIRECT_OBJC_ISA_USAGE = YES_ERROR;
				CLANG_WARN_DOCUMENTATION_COMMENTS = YES;
				CLANG_WARN_EMPTY_BODY = YES;
				CLANG_WARN_ENUM_CONVERSION = YES;
				CLANG_WARN_INFINITE_RECURSION = YES;
				CLANG_WARN_INT_CONVERSION = YES;
				CLANG_WARN_NON_LITERAL_NULL_CONVERSION = YES;
				CLANG_WARN_OBJC_LITERAL_CONVERSION = YES;
				CLANG_WARN_OBJC_ROOT_CLASS = YES_ERROR;
				CLANG_WARN_RANGE_LOOP_ANALYSIS = YES;
				CLANG_WARN_STRICT_PROTOTYPES = YES;
				CLANG_WARN_SUSPICIOUS_MOVE = YES;
				CLANG_WARN_UNGUARDED_AVAILABILITY = YES_AGGRESSIVE;
				CLANG_WARN_UNREACHABLE_CODE = YES;
				CLANG_WARN__DUPLICATE_METHOD_MATCH = YES;
				CODE_SIGN_IDENTITY = "iPhone Developer";
				COPY_PHASE_STRIP = NO;
				DEBUG_INFORMATION_FORMAT = dwarf;
				ENABLE_STRICT_OBJC_MSGSEND = YES;
				ENABLE_TESTABILITY = YES;
				GCC_C_LANGUAGE_STANDARD = gnu11;
				GCC_DYNAMIC_NO_PIC = NO;
				GCC_NO_COMMON_BLOCKS = YES;
				GCC_OPTIMIZATION_LEVEL = 0;
				GCC_PREPROCESSOR_DEFINITIONS = (
					"DEBUG=1",
					"$(inherited)",
				);
				GCC_WARN_64_TO_32_BIT_CONVERSION = YES;
				GCC_WARN_ABOUT_RETURN_TYPE = YES_ERROR;
				GCC_WARN_UNDECLARED_SELECTOR = YES;
				GCC_WARN_UNINITIALIZED_AUTOS = YES_AGGRESSIVE;
				GCC_WARN_UNUSED_FUNCTION = YES;
				GCC_WARN_UNUSED_VARIABLE = YES;
				IPHONEOS_DEPLOYMENT_TARGET = 11.2;
				MTL_ENABLE_DEBUG_INFO = YES;
				ONLY_ACTIVE_ARCH = YES;
				SDKROOT = iphoneos;
				SWIFT_ACTIVE_COMPILATION_CONDITIONS = DEBUG;
				SWIFT_OPTIMIZATION_LEVEL = "-Onone";
			};
			name = Debug;
		};
		815A97782030B98300723565 /* Release */ = {
			isa = XCBuildConfiguration;
			buildSettings = {
				ALWAYS_SEARCH_USER_PATHS = NO;
				CLANG_ANALYZER_NONNULL = YES;
				CLANG_ANALYZER_NUMBER_OBJECT_CONVERSION = YES_AGGRESSIVE;
				CLANG_CXX_LANGUAGE_STANDARD = "gnu++14";
				CLANG_CXX_LIBRARY = "libc++";
				CLANG_ENABLE_MODULES = YES;
				CLANG_ENABLE_OBJC_ARC = YES;
				CLANG_WARN_BLOCK_CAPTURE_AUTORELEASING = YES;
				CLANG_WARN_BOOL_CONVERSION = YES;
				CLANG_WARN_COMMA = YES;
				CLANG_WARN_CONSTANT_CONVERSION = YES;
				CLANG_WARN_DIRECT_OBJC_ISA_USAGE = YES_ERROR;
				CLANG_WARN_DOCUMENTATION_COMMENTS = YES;
				CLANG_WARN_EMPTY_BODY = YES;
				CLANG_WARN_ENUM_CONVERSION = YES;
				CLANG_WARN_INFINITE_RECURSION = YES;
				CLANG_WARN_INT_CONVERSION = YES;
				CLANG_WARN_NON_LITERAL_NULL_CONVERSION = YES;
				CLANG_WARN_OBJC_LITERAL_CONVERSION = YES;
				CLANG_WARN_OBJC_ROOT_CLASS = YES_ERROR;
				CLANG_WARN_RANGE_LOOP_ANALYSIS = YES;
				CLANG_WARN_STRICT_PROTOTYPES = YES;
				CLANG_WARN_SUSPICIOUS_MOVE = YES;
				CLANG_WARN_UNGUARDED_AVAILABILITY = YES_AGGRESSIVE;
				CLANG_WARN_UNREACHABLE_CODE = YES;
				CLANG_WARN__DUPLICATE_METHOD_MATCH = YES;
				CODE_SIGN_IDENTITY = "iPhone Developer";
				COPY_PHASE_STRIP = NO;
				DEBUG_INFORMATION_FORMAT = "dwarf-with-dsym";
				ENABLE_NS_ASSERTIONS = NO;
				ENABLE_STRICT_OBJC_MSGSEND = YES;
				GCC_C_LANGUAGE_STANDARD = gnu11;
				GCC_NO_COMMON_BLOCKS = YES;
				GCC_WARN_64_TO_32_BIT_CONVERSION = YES;
				GCC_WARN_ABOUT_RETURN_TYPE = YES_ERROR;
				GCC_WARN_UNDECLARED_SELECTOR = YES;
				GCC_WARN_UNINITIALIZED_AUTOS = YES_AGGRESSIVE;
				GCC_WARN_UNUSED_FUNCTION = YES;
				GCC_WARN_UNUSED_VARIABLE = YES;
				IPHONEOS_DEPLOYMENT_TARGET = 11.2;
				MTL_ENABLE_DEBUG_INFO = NO;
				SDKROOT = iphoneos;
				SWIFT_OPTIMIZATION_LEVEL = "-Owholemodule";
				VALIDATE_PRODUCT = YES;
			};
			name = Release;
		};
		815A977A2030B98300723565 /* Debug */ = {
			isa = XCBuildConfiguration;
			baseConfigurationReference = AEDC75474D2B1B00211409E2 /* Pods-Graduation Project.debug.xcconfig */;
			buildSettings = {
				ASSETCATALOG_COMPILER_APPICON_NAME = AppIcon;
				CODE_SIGN_STYLE = Automatic;
				INFOPLIST_FILE = "Graduation Project/Info.plist";
				LD_RUNPATH_SEARCH_PATHS = "$(inherited) @executable_path/Frameworks";
				PRODUCT_BUNDLE_IDENTIFIER = "FCI-SCU.Graduation-Project";
				PRODUCT_NAME = "$(TARGET_NAME)";
				SWIFT_VERSION = 4.0;
				TARGETED_DEVICE_FAMILY = "1,2";
			};
			name = Debug;
		};
		815A977B2030B98300723565 /* Release */ = {
			isa = XCBuildConfiguration;
			baseConfigurationReference = 55894AEA91CAF1C66451860B /* Pods-Graduation Project.release.xcconfig */;
			buildSettings = {
				ASSETCATALOG_COMPILER_APPICON_NAME = AppIcon;
				CODE_SIGN_STYLE = Automatic;
				INFOPLIST_FILE = "Graduation Project/Info.plist";
				LD_RUNPATH_SEARCH_PATHS = "$(inherited) @executable_path/Frameworks";
				PRODUCT_BUNDLE_IDENTIFIER = "FCI-SCU.Graduation-Project";
				PRODUCT_NAME = "$(TARGET_NAME)";
				SWIFT_VERSION = 4.0;
				TARGETED_DEVICE_FAMILY = "1,2";
			};
			name = Release;
		};
/* End XCBuildConfiguration section */

/* Begin XCConfigurationList section */
		815A97622030B98200723565 /* Build configuration list for PBXProject "Graduation Project" */ = {
			isa = XCConfigurationList;
			buildConfigurations = (
				815A97772030B98300723565 /* Debug */,
				815A97782030B98300723565 /* Release */,
			);
			defaultConfigurationIsVisible = 0;
			defaultConfigurationName = Release;
		};
		815A97792030B98300723565 /* Build configuration list for PBXNativeTarget "Graduation Project" */ = {
			isa = XCConfigurationList;
			buildConfigurations = (
				815A977A2030B98300723565 /* Debug */,
				815A977B2030B98300723565 /* Release */,
			);
			defaultConfigurationIsVisible = 0;
			defaultConfigurationName = Release;
		};
/* End XCConfigurationList section */
	};
	rootObject = 815A975F2030B98200723565 /* Project object */;
}
